{
  "name": "mp-weixin-yueyishou",
  "version": "1.0.0",
  "lockfileVersion": 1,
  "requires": true,
  "dependencies": {
    "@vant/weapp": {
      "version": "1.11.6",
      "resolved": "https://registry.npmmirror.com/@vant/weapp/-/weapp-1.11.6.tgz",
      "integrity": "sha512-a3heReWYT2gNdsyj6x1hBwsM8V8NrjcPAmle86NH2CD2V/i/h0le75piW6KntSfOPCwekVWMBKhysNrBpJeKdw=="
    },
    "async-validator": {
      "version": "4.2.5",
      "resolved": "https://registry.npmmirror.com/async-validator/-/async-validator-4.2.5.tgz",
      "integrity": "sha512-7HhHjtERjqlNbZtqNqy2rckN/SpOOlmDliet+lP7k+eKZEjPk3DgyeU9lIXLdeLz0uBbbVp+9Qdow9wJWgwwfg=="
    },
    "mina-request": {
      "version": "1.0.8",
      "resolved": "https://registry.npmmirror.com/mina-request/-/mina-request-1.0.8.tgz",
      "integrity": "sha512-IzsnzZEAJOyQnYMKhut7+m6EygiiZOd5yvspNplVlVT026ucaaJrie92k0K0Umw0jkASvJn1WXjSq+FntYj/GQ=="
    },
    "mobx-miniprogram": {
      "version": "6.12.3",
      "resolved": "https://registry.npmmirror.com/mobx-miniprogram/-/mobx-miniprogram-6.12.3.tgz",
      "integrity": "sha512-GEq1EG7jZPnrHYV43oppa6jY9lgbNRuGPiXyOFRoluHjd5LIGBf3a+zXMjzO1AVwrFOWvVRazxtzfiRXMUUqZw=="
    },
    "mobx-miniprogram-bindings": {
      "version": "4.0.0",
      "resolved": "https://registry.npmmirror.com/mobx-miniprogram-bindings/-/mobx-miniprogram-bindings-4.0.0.tgz",
      "integrity": "sha512-dckGNgQIaBu8S78klrHsRrMmJCXzZRzlbk8ejklbToKwjoaTGREytQdS73YyHFJWxx6pkfj9jTgXgQW9my/DTw=="
    }
  }
}
